
Microsoft Visual Studio Solution File, Format Version 11.00
# Visual Studio 2010
Project("{FAE04EC0-301F-11D3-BF4B-00C04F79EFBC}") = "RegexRenamer", "RegexRenamer\RegexRenamer.csproj", "{29EF689F-82FE-4D91-A671-AAABBB4B7F9A}"
EndProject
Global
	GlobalSection(SolutionConfigurationPlatforms) = preSolution
		Debug|Any CPU = Debug|Any CPU
		Release|Any CPU = Release|Any CPU
	EndGlobalSection
	GlobalSection(ProjectConfigurationPlatforms) = postSolution
		{29EF689F-82FE-4D91-A671-AAABBB4B7F9A}.Debug|Any CPU.ActiveCfg = Debug|x86
		{29EF689F-82FE-4D91-A671-AAABBB4B7F9A}.Debug|Any CPU.Build.0 = Debug|x86
		{29EF689F-82FE-4D91-A671-AAABBB4B7F9A}.Release|Any CPU.ActiveCfg = Release|Any CPU
		{29EF689F-82FE-4D91-A671-AAABBB4B7F9A}.Release|Any CPU.Build.0 = Release|Any CPU
	EndGlobalSection
	GlobalSection(SolutionProperties) = preSolution
		HideSolutionNode = FALSE
	EndGlobalSection
EndGlobal
